
Microsoft Visual Studio Solution File, Format Version 12.00
# Visual Studio 14
VisualStudioVersion = 14.0.24720.0
MinimumVisualStudioVersion = 10.0.40219.1
Project("{FAE04EC0-301F-11D3-BF4B-00C04F79EFBC}") = "AplicacaoWCF", "AplicacaoWCF\AplicacaoWCF.csproj", "{DFDB6597-9132-4680-8456-28F6FF62D7E6}"
EndProject
Project("{FAE04EC0-301F-11D3-BF4B-00C04F79EFBC}") = "AplicacaoWeb", "AplicacaoWeb\AplicacaoWeb.csproj", "{22BDCB87-EAC4-4F79-96AA-7DC5EBD8A49F}"
	ProjectSection(ProjectDependencies) = postProject
		{DFDB6597-9132-4680-8456-28F6FF62D7E6} = {DFDB6597-9132-4680-8456-28F6FF62D7E6}
	EndProjectSection
EndProject
Global
	GlobalSection(SolutionConfigurationPlatforms) = preSolution
		Debug|Any CPU = Debug|Any CPU
		Release|Any CPU = Release|Any CPU
	EndGlobalSection
	GlobalSection(ProjectConfigurationPlatforms) = postSolution
		{DFDB6597-9132-4680-8456-28F6FF62D7E6}.Debug|Any CPU.ActiveCfg = Debug|Any CPU
		{DFDB6597-9132-4680-8456-28F6FF62D7E6}.Debug|Any CPU.Build.0 = Debug|Any CPU
		{DFDB6597-9132-4680-8456-28F6FF62D7E6}.Release|Any CPU.ActiveCfg = Release|Any CPU
		{DFDB6597-9132-4680-8456-28F6FF62D7E6}.Release|Any CPU.Build.0 = Release|Any CPU
		{22BDCB87-EAC4-4F79-96AA-7DC5EBD8A49F}.Debug|Any CPU.ActiveCfg = Debug|Any CPU
		{22BDCB87-EAC4-4F79-96AA-7DC5EBD8A49F}.Debug|Any CPU.Build.0 = Debug|Any CPU
		{22BDCB87-EAC4-4F79-96AA-7DC5EBD8A49F}.Release|Any CPU.ActiveCfg = Release|Any CPU
		{22BDCB87-EAC4-4F79-96AA-7DC5EBD8A49F}.Release|Any CPU.Build.0 = Release|Any CPU
	EndGlobalSection
	GlobalSection(SolutionProperties) = preSolution
		HideSolutionNode = FALSE
	EndGlobalSection
EndGlobal
